
Microsoft Visual Studio Solution File, Format Version 12.00
# Visual Studio Version 17
VisualStudioVersion = 17.5.33627.172
MinimumVisualStudioVersion = 10.0.40219.1
Project("{FAE04EC0-301F-11D3-BF4B-00C04F79EFBC}") = "ProductionApp.Entities", "ProductionApp.Entities\ProductionApp.Entities.csproj", "{9E06FA50-FAE4-4C10-9053-8053C0242D6D}"
EndProject
Project("{FAE04EC0-301F-11D3-BF4B-00C04F79EFBC}") = "ProductionApp.Service", "ProductionApp.Service\ProductionApp.Service.csproj", "{FDF21C45-1226-449B-A242-5FC83DC20A3C}"
EndProject
Project("{FAE04EC0-301F-11D3-BF4B-00C04F79EFBC}") = "ProductionApp.Repository", "ProductionApp.Repository\ProductionApp.Repository.csproj", "{CC6DCDFC-FA9C-473E-9C39-0706C6E9F09C}"
EndProject
Project("{FAE04EC0-301F-11D3-BF4B-00C04F79EFBC}") = "ProductionApp.DTOs", "ProductionApp.DTOs\ProductionApp.DTOs.csproj", "{865874C3-307F-485C-8FEB-DAD3C8CE477C}"
EndProject
Project("{FAE04EC0-301F-11D3-BF4B-00C04F79EFBC}") = "ProductionApp.Common", "ProductionApp.Common\ProductionApp.Common.csproj", "{5725AE70-94F0-4912-BBD5-D1B3C07CCA8D}"
EndProject
Project("{FAE04EC0-301F-11D3-BF4B-00C04F79EFBC}") = "ProductionApp.WebUI", "ProductionApp.WebUI\ProductionApp.WebUI.csproj", "{69841F97-18C0-4F53-ACDC-F5AF268C2009}"
EndProject
Global
	GlobalSection(SolutionConfigurationPlatforms) = preSolution
		Debug|Any CPU = Debug|Any CPU
		Release|Any CPU = Release|Any CPU
	EndGlobalSection
	GlobalSection(ProjectConfigurationPlatforms) = postSolution
		{9E06FA50-FAE4-4C10-9053-8053C0242D6D}.Debug|Any CPU.ActiveCfg = Debug|Any CPU
		{9E06FA50-FAE4-4C10-9053-8053C0242D6D}.Debug|Any CPU.Build.0 = Debug|Any CPU
		{9E06FA50-FAE4-4C10-9053-8053C0242D6D}.Release|Any CPU.ActiveCfg = Release|Any CPU
		{9E06FA50-FAE4-4C10-9053-8053C0242D6D}.Release|Any CPU.Build.0 = Release|Any CPU
		{FDF21C45-1226-449B-A242-5FC83DC20A3C}.Debug|Any CPU.ActiveCfg = Debug|Any CPU
		{FDF21C45-1226-449B-A242-5FC83DC20A3C}.Debug|Any CPU.Build.0 = Debug|Any CPU
		{FDF21C45-1226-449B-A242-5FC83DC20A3C}.Release|Any CPU.ActiveCfg = Release|Any CPU
		{FDF21C45-1226-449B-A242-5FC83DC20A3C}.Release|Any CPU.Build.0 = Release|Any CPU
		{CC6DCDFC-FA9C-473E-9C39-0706C6E9F09C}.Debug|Any CPU.ActiveCfg = Debug|Any CPU
		{CC6DCDFC-FA9C-473E-9C39-0706C6E9F09C}.Debug|Any CPU.Build.0 = Debug|Any CPU
		{CC6DCDFC-FA9C-473E-9C39-0706C6E9F09C}.Release|Any CPU.ActiveCfg = Release|Any CPU
		{CC6DCDFC-FA9C-473E-9C39-0706C6E9F09C}.Release|Any CPU.Build.0 = Release|Any CPU
		{865874C3-307F-485C-8FEB-DAD3C8CE477C}.Debug|Any CPU.ActiveCfg = Debug|Any CPU
		{865874C3-307F-485C-8FEB-DAD3C8CE477C}.Debug|Any CPU.Build.0 = Debug|Any CPU
		{865874C3-307F-485C-8FEB-DAD3C8CE477C}.Release|Any CPU.ActiveCfg = Release|Any CPU
		{865874C3-307F-485C-8FEB-DAD3C8CE477C}.Release|Any CPU.Build.0 = Release|Any CPU
		{5725AE70-94F0-4912-BBD5-D1B3C07CCA8D}.Debug|Any CPU.ActiveCfg = Debug|Any CPU
		{5725AE70-94F0-4912-BBD5-D1B3C07CCA8D}.Debug|Any CPU.Build.0 = Debug|Any CPU
		{5725AE70-94F0-4912-BBD5-D1B3C07CCA8D}.Release|Any CPU.ActiveCfg = Release|Any CPU
		{5725AE70-94F0-4912-BBD5-D1B3C07CCA8D}.Release|Any CPU.Build.0 = Release|Any CPU
		{69841F97-18C0-4F53-ACDC-F5AF268C2009}.Debug|Any CPU.ActiveCfg = Debug|Any CPU
		{69841F97-18C0-4F53-ACDC-F5AF268C2009}.Debug|Any CPU.Build.0 = Debug|Any CPU
		{69841F97-18C0-4F53-ACDC-F5AF268C2009}.Release|Any CPU.ActiveCfg = Release|Any CPU
		{69841F97-18C0-4F53-ACDC-F5AF268C2009}.Release|Any CPU.Build.0 = Release|Any CPU
	EndGlobalSection
	GlobalSection(SolutionProperties) = preSolution
		HideSolutionNode = FALSE
	EndGlobalSection
	GlobalSection(ExtensibilityGlobals) = postSolution
		SolutionGuid = {5E27EE56-7073-4864-8377-CB2486A047CE}
	EndGlobalSection
EndGlobal
